
Microsoft Visual Studio Solution File, Format Version 12.00
# Visual Studio Version 16
VisualStudioVersion = 16.0.28803.352
MinimumVisualStudioVersion = 15.0.26124.0
Project("{FAE04EC0-301F-11D3-BF4B-00C04F79EFBC}") = "Faker.Data.Core", "Faker.Data.Core\Faker.Data.Core.csproj", "{58F2D0BF-6DF7-41FC-9D7E-46DE75B153ED}"
EndProject
Project("{2150E333-8FDC-42A3-9474-1A3956D46DE8}") = "Solution Items", "Solution Items", "{9FE05B1D-783E-4D64-89B9-5DCA8D249810}"
	ProjectSection(SolutionItems) = preProject
		README.md = README.md
	EndProjectSection
EndProject
Project("{FAE04EC0-301F-11D3-BF4B-00C04F79EFBC}") = "Faker.Data.Core.Test", "Faker.Data.Core.Test\Faker.Data.Core.Test.csproj", "{DA8FAF94-3B53-4696-864E-CF2B92946F92}"
EndProject
Global
	GlobalSection(SolutionConfigurationPlatforms) = preSolution
		Debug|Any CPU = Debug|Any CPU
		Debug|x64 = Debug|x64
		Debug|x86 = Debug|x86
		Release|Any CPU = Release|Any CPU
		Release|x64 = Release|x64
		Release|x86 = Release|x86
	EndGlobalSection
	GlobalSection(ProjectConfigurationPlatforms) = postSolution
		{58F2D0BF-6DF7-41FC-9D7E-46DE75B153ED}.Debug|Any CPU.ActiveCfg = Debug|Any CPU
		{58F2D0BF-6DF7-41FC-9D7E-46DE75B153ED}.Debug|Any CPU.Build.0 = Debug|Any CPU
		{58F2D0BF-6DF7-41FC-9D7E-46DE75B153ED}.Debug|x64.ActiveCfg = Debug|Any CPU
		{58F2D0BF-6DF7-41FC-9D7E-46DE75B153ED}.Debug|x64.Build.0 = Debug|Any CPU
		{58F2D0BF-6DF7-41FC-9D7E-46DE75B153ED}.Debug|x86.ActiveCfg = Debug|Any CPU
		{58F2D0BF-6DF7-41FC-9D7E-46DE75B153ED}.Debug|x86.Build.0 = Debug|Any CPU
		{58F2D0BF-6DF7-41FC-9D7E-46DE75B153ED}.Release|Any CPU.ActiveCfg = Release|Any CPU
		{58F2D0BF-6DF7-41FC-9D7E-46DE75B153ED}.Release|Any CPU.Build.0 = Release|Any CPU
		{58F2D0BF-6DF7-41FC-9D7E-46DE75B153ED}.Release|x64.ActiveCfg = Release|Any CPU
		{58F2D0BF-6DF7-41FC-9D7E-46DE75B153ED}.Release|x64.Build.0 = Release|Any CPU
		{58F2D0BF-6DF7-41FC-9D7E-46DE75B153ED}.Release|x86.ActiveCfg = Release|Any CPU
		{58F2D0BF-6DF7-41FC-9D7E-46DE75B153ED}.Release|x86.Build.0 = Release|Any CPU
		{DA8FAF94-3B53-4696-864E-CF2B92946F92}.Debug|Any CPU.ActiveCfg = Debug|Any CPU
		{DA8FAF94-3B53-4696-864E-CF2B92946F92}.Debug|Any CPU.Build.0 = Debug|Any CPU
		{DA8FAF94-3B53-4696-864E-CF2B92946F92}.Debug|x64.ActiveCfg = Debug|Any CPU
		{DA8FAF94-3B53-4696-864E-CF2B92946F92}.Debug|x64.Build.0 = Debug|Any CPU
		{DA8FAF94-3B53-4696-864E-CF2B92946F92}.Debug|x86.ActiveCfg = Debug|Any CPU
		{DA8FAF94-3B53-4696-864E-CF2B92946F92}.Debug|x86.Build.0 = Debug|Any CPU
		{DA8FAF94-3B53-4696-864E-CF2B92946F92}.Release|Any CPU.ActiveCfg = Release|Any CPU
		{DA8FAF94-3B53-4696-864E-CF2B92946F92}.Release|Any CPU.Build.0 = Release|Any CPU
		{DA8FAF94-3B53-4696-864E-CF2B92946F92}.Release|x64.ActiveCfg = Release|Any CPU
		{DA8FAF94-3B53-4696-864E-CF2B92946F92}.Release|x64.Build.0 = Release|Any CPU
		{DA8FAF94-3B53-4696-864E-CF2B92946F92}.Release|x86.ActiveCfg = Release|Any CPU
		{DA8FAF94-3B53-4696-864E-CF2B92946F92}.Release|x86.Build.0 = Release|Any CPU
	EndGlobalSection
	GlobalSection(SolutionProperties) = preSolution
		HideSolutionNode = FALSE
	EndGlobalSection
	GlobalSection(ExtensibilityGlobals) = postSolution
		SolutionGuid = {91E2A249-9A25-477B-BD1C-DFBC877824A7}
	EndGlobalSection
EndGlobal
